// !$*UTF8*$!
{
	archiveVersion = 1;
	classes = {
	};
	objectVersion = 48;
	objects = {

/* Begin PBXBuildFile section */
		D05BE55B1FC71DA2008B9FA3 /* AppDelegate.swift in Sources */ = {isa = PBXBuildFile; fileRef = D05BE55A1FC71DA2008B9FA3 /* AppDelegate.swift */; };
		D05BE55D1FC71DA2008B9FA3 /* ViewController.swift in Sources */ = {isa = PBXBuildFile; fileRef = D05BE55C1FC71DA2008B9FA3 /* ViewController.swift */; };
		D05BE5601FC71DA2008B9FA3 /* Main.storyboard in Resources */ = {isa = PBXBuildFile; fileRef = D05BE55E1FC71DA2008B9FA3 /* Main.storyboard */; };
		D05BE5621FC71DA9008B9FA3 /* Assets.xcassets in Resources */ = {isa = PBXBuildFile; fileRef = D05BE5611FC71DA9008B9FA3 /* Assets.xcassets */; };
		D05BE5651FC71DA9008B9FA3 /* LaunchScreen.storyboard in Resources */ = {isa = PBXBuildFile; fileRef = D05BE5631FC71DA9008B9FA3 /* LaunchScreen.storyboard */; };
/* End PBXBuildFile section */

/* Begin PBXFileReference section */
		D05BE5571FC71DA2008B9FA3 /* to_do_List.app */ = {isa = PBXFileReference; explicitFileType = wrapper.application; includeInIndex = 0; path = to_do_List.app; sourceTree = BUILT_PRODUCTS_DIR; };
		D05BE55A1FC71DA2008B9FA3 /* AppDelegate.swift */ = {isa = PBXFileReference; lastKnownFileType = sourcecode.swift; path = AppDelegate.swift; sourceTree = "<group>"; };
		D05BE55C1FC71DA2008B9FA3 /* ViewController.swift */ = {isa = PBXFileReference; lastKnownFileType = sourcecode.swift; path = ViewController.swift; sourceTree = "<group>"; };
		D05BE55F1FC71DA2008B9FA3 /* Base */ = {isa = PBXFileReference; lastKnownFileType = file.storyboard; name = Base; path = Base.lproj/Main.storyboard; sourceTree = "<group>"; };
		D05BE5611FC71DA9008B9FA3 /* Assets.xcassets */ = {isa = PBXFileReference; lastKnownFileType = folder.assetcatalog; path = Assets.xcassets; sourceTree = "<group>"; };
		D05BE5641FC71DA9008B9FA3 /* Base */ = {isa = PBXFileReference; lastKnownFileType = file.storyboard; name = Base; path = Base.lproj/LaunchScreen.storyboard; sourceTree = "<group>"; };
		D05BE5661FC71DA9008B9FA3 /* Info.plist */ = {isa = PBXFileReference; lastKnownFileType = text.plist.xml; path = Info.plist; sourceTree = "<group>"; };
/* End PBXFileReference section */

/* Begin PBXFrameworksBuildPhase section */
		D05BE5541FC71DA2008B9FA3 /* Frameworks */ = {
			isa = PBXFrameworksBuildPhase;
			buildActionMask = 2147483647;
			files = (
			);
			runOnlyForDeploymentPostprocessing = 0;
		};
/* End PBXFrameworksBuildPhase section */

/* Begin PBXGroup section */
		D05BE54E1FC71DA1008B9FA3 = {
			isa = PBXGroup;
			children = (
				D05BE5591FC71DA2008B9FA3 /* to_do_List */,
				D05BE5581FC71DA2008B9FA3 /* Products */,
			);
			sourceTree = "<group>";
		};
		D05BE5581FC71DA2008B9FA3 /* Products */ = {
			isa = PBXGroup;
			children = (
				D05BE5571FC71DA2008B9FA3 /* to_do_List.app */,
			);
			name = Products;
			sourceTree = "<group>";
		};
		D05BE5591FC71DA2008B9FA3 /* to_do_List */ = {
			isa = PBXGroup;
			children = (
				D05BE55A1FC71DA2008B9FA3 /* AppDelegate.swift */,
				D05BE55C1FC71DA2008B9FA3 /* ViewController.swift */,
				D05BE55E1FC71DA2008B9FA3 /* Main.storyboard */,
				D05BE5611FC71DA9008B9FA3 /* Assets.xcassets */,
				D05BE5631FC71DA9008B9FA3 /* LaunchScreen.storyboard */,
				D05BE5661FC71DA9008B9FA3 /* Info.plist */,
			);
			path = to_do_List;
			sourceTree = "<group>";
		};
/* End PBXGroup section */

/* Begin PBXNativeTarget section */
		D05BE5561FC71DA2008B9FA3 /* to_do_List */ = {
			isa = PBXNativeTarget;
			buildConfigurationList = D05BE5691FC71DA9008B9FA3 /* Build configuration list for PBXNativeTarget "to_do_List" */;
			buildPhases = (
				D05BE5531FC71DA2008B9FA3 /* Sources */,
				D05BE5541FC71DA2008B9FA3 /* Frameworks */,
				D05BE5551FC71DA2008B9FA3 /* Resources */,
			);
			buildRules = (
			);
			dependencies = (
			);
			name = to_do_List;
			productName = to_do_List;
			productReference = D05BE5571FC71DA2008B9FA3 /* to_do_List.app */;
			productType = "com.apple.product-type.application";
		};
/* End PBXNativeTarget section */

/* Begin PBXProject section */
		D05BE54F1FC71DA1008B9FA3 /* Project object */ = {
			isa = PBXProject;
			attributes = {
				LastSwiftUpdateCheck = 0910;
				LastUpgradeCheck = 0910;
				ORGANIZATIONNAME = "Engincan Özkan";
				TargetAttributes = {
					D05BE5561FC71DA2008B9FA3 = {
						CreatedOnToolsVersion = 9.1;
						ProvisioningStyle = Automatic;
					};
				};
			};
			buildConfigurationList = D05BE5521FC71DA1008B9FA3 /* Build configuration list for PBXProject "to_do_List" */;
			compatibilityVersion = "Xcode 8.0";
			developmentRegion = en;
			hasScannedForEncodings = 0;
			knownRegions = (
				en,
				Base,
			);
			mainGroup = D05BE54E1FC71DA1008B9FA3;
			productRefGroup = D05BE5581FC71DA2008B9FA3 /* Products */;
			projectDirPath = "";
			projectRoot = "";
			targets = (
				D05BE5561FC71DA2008B9FA3 /* to_do_List */,
			);
		};
/* End PBXProject section */

/* Begin PBXResourcesBuildPhase section */
		D05BE5551FC71DA2008B9FA3 /* Resources */ = {
			isa = PBXResourcesBuildPhase;
			buildActionMask = 2147483647;
			files = (
				D05BE5651FC71DA9008B9FA3 /* LaunchScreen.storyboard in Resources */,
				D05BE5621FC71DA9008B9FA3 /* Assets.xcassets in Resources */,
				D05BE5601FC71DA2008B9FA3 /* Main.storyboard in Resources */,
			);
			runOnlyForDeploymentPostprocessing = 0;
		};
/* End PBXResourcesBuildPhase section */

/* Begin PBXSourcesBuildPhase section */
		D05BE5531FC71DA2008B9FA3 /* Sources */ = {
			isa = PBXSourcesBuildPhase;
			buildActionMask = 2147483647;
			files = (
				D05BE55D1FC71DA2008B9FA3 /* ViewController.swift in Sources */,
				D05BE55B1FC71DA2008B9FA3 /* AppDelegate.swift in Sources */,
			);
			runOnlyForDeploymentPostprocessing = 0;
		};
/* End PBXSourcesBuildPhase section */

/* Begin PBXVariantGroup section */
		D05BE55E1FC71DA2008B9FA3 /* Main.storyboard */ = {
			isa = PBXVariantGroup;
			children = (
				D05BE55F1FC71DA2008B9FA3 /* Base */,
			);
			name = Main.storyboard;
			sourceTree = "<group>";
		};
		D05BE5631FC71DA9008B9FA3 /* LaunchScreen.storyboard */ = {
			isa = PBXVariantGroup;
			children = (
				D05BE5641FC71DA9008B9FA3 /* Base */,
			);
			name = LaunchScreen.storyboard;
			sourceTree = "<group>";
		};
/* End PBXVariantGroup section */

/* Begin XCBuildConfiguration section */
		D05BE5671FC71DA9008B9FA3 /* Debug */ = {
			isa = XCBuildConfiguration;
			buildSettings = {
				ALWAYS_SEARCH_USER_PATHS = NO;
				CLANG_ANALYZER_NONNULL = YES;
				CLANG_ANALYZER_NUMBER_OBJECT_CONVERSION = YES_AGGRESSIVE;
				CLANG_CXX_LANGUAGE_STANDARD = "gnu++14";
				CLANG_CXX_LIBRARY = "libc++";
				CLANG_ENABLE_MODULES = YES;
				CLANG_ENABLE_OBJC_ARC = YES;
				CLANG_WARN_BLOCK_CAPTURE_AUTORELEASING = YES;
				CLANG_WARN_BOOL_CONVERSION = YES;
				CLANG_WARN_COMMA = YES;
				CLANG_WARN_CONSTANT_CONVERSION = YES;
				CLANG_WARN_DIRECT_OBJC_ISA_USAGE = YES_ERROR;
				CLANG_WARN_DOCUMENTATION_COMMENTS = YES;
				CLANG_WARN_EMPTY_BODY = YES;
				CLANG_WARN_ENUM_CONVERSION = YES;
				CLANG_WARN_INFINITE_RECURSION = YES;
				CLANG_WARN_INT_CONVERSION = YES;
				CLANG_WARN_NON_LITERAL_NULL_CONVERSION = YES;
				CLANG_WARN_OBJC_LITERAL_CONVERSION = YES;
				CLANG_WARN_OBJC_ROOT_CLASS = YES_ERROR;
				CLANG_WARN_RANGE_LOOP_ANALYSIS = YES;
				CLANG_WARN_STRICT_PROTOTYPES = YES;
				CLANG_WARN_SUSPICIOUS_MOVE = YES;
				CLANG_WARN_UNGUARDED_AVAILABILITY = YES_AGGRESSIVE;
				CLANG_WARN_UNREACHABLE_CODE = YES;
				CLANG_WARN__DUPLICATE_METHOD_MATCH = YES;
				CODE_SIGN_IDENTITY = "iPhone Developer";
				COPY_PHASE_STRIP = NO;
				DEBUG_INFORMATION_FORMAT = dwarf;
				ENABLE_STRICT_OBJC_MSGSEND = YES;
				ENABLE_TESTABILITY = YES;
				GCC_C_LANGUAGE_STANDARD = gnu11;
				GCC_DYNAMIC_NO_PIC = NO;
				GCC_NO_COMMON_BLOCKS = YES;
				GCC_OPTIMIZATION_LEVEL = 0;
				GCC_PREPROCESSOR_DEFINITIONS = (
					"DEBUG=1",
					"$(inherited)",
				);
				GCC_WARN_64_TO_32_BIT_CONVERSION = YES;
				GCC_WARN_ABOUT_RETURN_TYPE = YES_ERROR;
				GCC_WARN_UNDECLARED_SELECTOR = YES;
				GCC_WARN_UNINITIALIZED_AUTOS = YES_AGGRESSIVE;
				GCC_WARN_UNUSED_FUNCTION = YES;
				GCC_WARN_UNUSED_VARIABLE = YES;
				IPHONEOS_DEPLOYMENT_TARGET = 11.1;
				MTL_ENABLE_DEBUG_INFO = YES;
				ONLY_ACTIVE_ARCH = YES;
				SDKROOT = iphoneos;
				SWIFT_ACTIVE_COMPILATION_CONDITIONS = DEBUG;
				SWIFT_OPTIMIZATION_LEVEL = "-Onone";
			};
			name = Debug;
		};
		D05BE5681FC71DA9008B9FA3 /* Release */ = {
			isa = XCBuildConfiguration;
			buildSettings = {
				ALWAYS_SEARCH_USER_PATHS = NO;
				CLANG_ANALYZER_NONNULL = YES;
				CLANG_ANALYZER_NUMBER_OBJECT_CONVERSION = YES_AGGRESSIVE;
				CLANG_CXX_LANGUAGE_STANDARD = "gnu++14";
				CLANG_CXX_LIBRARY = "libc++";
				CLANG_ENABLE_MODULES = YES;
				CLANG_ENABLE_OBJC_ARC = YES;
				CLANG_WARN_BLOCK_CAPTURE_AUTORELEASING = YES;
				CLANG_WARN_BOOL_CONVERSION = YES;
				CLANG_WARN_COMMA = YES;
				CLANG_WARN_CONSTANT_CONVERSION = YES;
				CLANG_WARN_DIRECT_OBJC_ISA_USAGE = YES_ERROR;
				CLANG_WARN_DOCUMENTATION_COMMENTS = YES;
				CLANG_WARN_EMPTY_BODY = YES;
				CLANG_WARN_ENUM_CONVERSION = YES;
				CLANG_WARN_INFINITE_RECURSION = YES;
				CLANG_WARN_INT_CONVERSION = YES;
				CLANG_WARN_NON_LITERAL_NULL_CONVERSION = YES;
				CLANG_WARN_OBJC_LITERAL_CONVERSION = YES;
				CLANG_WARN_OBJC_ROOT_CLASS = YES_ERROR;
				CLANG_WARN_RANGE_LOOP_ANALYSIS = YES;
				CLANG_WARN_STRICT_PROTOTYPES = YES;
				CLANG_WARN_SUSPICIOUS_MOVE = YES;
				CLANG_WARN_UNGUARDED_AVAILABILITY = YES_AGGRESSIVE;
				CLANG_WARN_UNREACHABLE_CODE = YES;
				CLANG_WARN__DUPLICATE_METHOD_MATCH = YES;
				CODE_SIGN_IDENTITY = "iPhone Developer";
				COPY_PHASE_STRIP = NO;
				DEBUG_INFORMATION_FORMAT = "dwarf-with-dsym";
				ENABLE_NS_ASSERTIONS = NO;
				ENABLE_STRICT_OBJC_MSGSEND = YES;
				GCC_C_LANGUAGE_STANDARD = gnu11;
				GCC_NO_COMMON_BLOCKS = YES;
				GCC_WARN_64_TO_32_BIT_CONVERSION = YES;
				GCC_WARN_ABOUT_RETURN_TYPE = YES_ERROR;
				GCC_WARN_UNDECLARED_SELECTOR = YES;
				GCC_WARN_UNINITIALIZED_AUTOS = YES_AGGRESSIVE;
				GCC_WARN_UNUSED_FUNCTION = YES;
				GCC_WARN_UNUSED_VARIABLE = YES;
				IPHONEOS_DEPLOYMENT_TARGET = 11.1;
				MTL_ENABLE_DEBUG_INFO = NO;
				SDKROOT = iphoneos;
				SWIFT_OPTIMIZATION_LEVEL = "-Owholemodule";
				VALIDATE_PRODUCT = YES;
			};
			name = Release;
		};
		D05BE56A1FC71DA9008B9FA3 /* Debug */ = {
			isa = XCBuildConfiguration;
			buildSettings = {
				ASSETCATALOG_COMPILER_APPICON_NAME = AppIcon;
				CODE_SIGN_STYLE = Automatic;
				DEVELOPMENT_TEAM = LDJP2YQVD6;
				INFOPLIST_FILE = to_do_List/Info.plist;
				LD_RUNPATH_SEARCH_PATHS = "$(inherited) @executable_path/Frameworks";
				PRODUCT_BUNDLE_IDENTIFIER = "com.engincanozkan.to-do-List";
				PRODUCT_NAME = "$(TARGET_NAME)";
				SWIFT_VERSION = 4.0;
				TARGETED_DEVICE_FAMILY = "1,2";
			};
			name = Debug;
		};
		D05BE56B1FC71DA9008B9FA3 /* Release */ = {
			isa = XCBuildConfiguration;
			buildSettings = {
				ASSETCATALOG_COMPILER_APPICON_NAME = AppIcon;
				CODE_SIGN_STYLE = Automatic;
				DEVELOPMENT_TEAM = LDJP2YQVD6;
				INFOPLIST_FILE = to_do_List/Info.plist;
				LD_RUNPATH_SEARCH_PATHS = "$(inherited) @executable_path/Frameworks";
				PRODUCT_BUNDLE_IDENTIFIER = "com.engincanozkan.to-do-List";
				PRODUCT_NAME = "$(TARGET_NAME)";
				SWIFT_VERSION = 4.0;
				TARGETED_DEVICE_FAMILY = "1,2";
			};
			name = Release;
		};
/* End XCBuildConfiguration section */

/* Begin XCConfigurationList section */
		D05BE5521FC71DA1008B9FA3 /* Build configuration list for PBXProject "to_do_List" */ = {
			isa = XCConfigurationList;
			buildConfigurations = (
				D05BE5671FC71DA9008B9FA3 /* Debug */,
				D05BE5681FC71DA9008B9FA3 /* Release */,
			);
			defaultConfigurationIsVisible = 0;
			defaultConfigurationName = Release;
		};
		D05BE5691FC71DA9008B9FA3 /* Build configuration list for PBXNativeTarget "to_do_List" */ = {
			isa = XCConfigurationList;
			buildConfigurations = (
				D05BE56A1FC71DA9008B9FA3 /* Debug */,
				D05BE56B1FC71DA9008B9FA3 /* Release */,
			);
			defaultConfigurationIsVisible = 0;
			defaultConfigurationName = Release;
		};
/* End XCConfigurationList section */
	};
	rootObject = D05BE54F1FC71DA1008B9FA3 /* Project object */;
}
